{
  "version": 4,
  "terraform_version": "1.7.5",
  "serial": 55,
  "lineage": "b7965782-2abe-0d78-5292-f2623faf6f23",
  "outputs": {},
  "resources": [
    {
      "mode": "managed",
      "type": "azurerm_availability_set",
      "name": "aset",
      "provider": "provider[\"registry.terraform.io/hashicorp/azurerm\"]",
      "instances": [
        {
          "schema_version": 0,
          "attributes": {
            "id": "/subscriptions/fc843062-d48e-4f02-b2a0-e1dc14d32e6b/resourceGroups/rg-01/providers/Microsoft.Compute/availabilitySets/av-01",
            "location": "westus",
            "managed": true,
            "name": "av-01",
            "platform_fault_domain_count": 3,
            "platform_update_domain_count": 5,
            "proximity_placement_group_id": null,
            "resource_group_name": "rg-01",
            "tags": {},
            "timeouts": null
          },
          "sensitive_attributes": [],
          "private": "eyJlMmJmYjczMC1lY2FhLTExZTYtOGY4OC0zNDM2M2JjN2M0YzAiOnsiY3JlYXRlIjoxODAwMDAwMDAwMDAwLCJkZWxldGUiOjE4MDAwMDAwMDAwMDAsInJlYWQiOjMwMDAwMDAwMDAwMCwidXBkYXRlIjoxODAwMDAwMDAwMDAwfX0=",
          "dependencies": [
            "azurerm_resource_group.rg"
          ]
        }
      ]
    },
    {
      "mode": "managed",
      "type": "azurerm_lb",
      "name": "ALB",
      "provider": "provider[\"registry.terraform.io/hashicorp/azurerm\"]",
      "instances": [
        {
          "schema_version": 0,
          "attributes": {
            "edge_zone": "",
            "frontend_ip_configuration": [
              {
                "gateway_load_balancer_frontend_ip_configuration_id": "",
                "id": "/subscriptions/fc843062-d48e-4f02-b2a0-e1dc14d32e6b/resourceGroups/rg-01/providers/Microsoft.Network/loadBalancers/My-load-balancer/frontendIPConfigurations/my-frontend-ip",
                "inbound_nat_rules": [],
                "load_balancer_rules": [
                  "/subscriptions/fc843062-d48e-4f02-b2a0-e1dc14d32e6b/resourceGroups/rg-01/providers/Microsoft.Network/loadBalancers/My-load-balancer/loadBalancingRules/LBRule"
                ],
                "name": "my-frontend-ip",
                "outbound_rules": [],
                "private_ip_address": "",
                "private_ip_address_allocation": "Dynamic",
                "private_ip_address_version": "",
                "public_ip_address_id": "/subscriptions/fc843062-d48e-4f02-b2a0-e1dc14d32e6b/resourceGroups/rg-01/providers/Microsoft.Network/publicIPAddresses/Public-00",
                "public_ip_prefix_id": "",
                "subnet_id": "",
                "zones": []
              }
            ],
            "id": "/subscriptions/fc843062-d48e-4f02-b2a0-e1dc14d32e6b/resourceGroups/rg-01/providers/Microsoft.Network/loadBalancers/My-load-balancer",
            "location": "westus",
            "name": "My-load-balancer",
            "private_ip_address": "",
            "private_ip_addresses": [],
            "resource_group_name": "rg-01",
            "sku": "Basic",
            "sku_tier": "Regional",
            "tags": {},
            "timeouts": null
          },
          "sensitive_attributes": [],
          "private": "eyJlMmJmYjczMC1lY2FhLTExZTYtOGY4OC0zNDM2M2JjN2M0YzAiOnsiY3JlYXRlIjoxODAwMDAwMDAwMDAwLCJkZWxldGUiOjE4MDAwMDAwMDAwMDAsInJlYWQiOjMwMDAwMDAwMDAwMCwidXBkYXRlIjoxODAwMDAwMDAwMDAwfX0=",
          "dependencies": [
            "azurerm_public_ip.PIP-01",
            "azurerm_resource_group.rg"
          ]
        }
      ]
    },
    {
      "mode": "managed",
      "type": "azurerm_lb_backend_address_pool",
      "name": "Bpool",
      "provider": "provider[\"registry.terraform.io/hashicorp/azurerm\"]",
      "instances": [
        {
          "schema_version": 0,
          "attributes": {
            "backend_ip_configurations": [
              "/subscriptions/fc843062-d48e-4f02-b2a0-e1dc14d32e6b/resourceGroups/rg-01/providers/Microsoft.Network/networkInterfaces/nic1/ipConfigurations/ipconfig",
              "/subscriptions/fc843062-d48e-4f02-b2a0-e1dc14d32e6b/resourceGroups/rg-01/providers/Microsoft.Network/networkInterfaces/nic2/ipConfigurations/ipconfig"
            ],
            "id": "/subscriptions/fc843062-d48e-4f02-b2a0-e1dc14d32e6b/resourceGroups/rg-01/providers/Microsoft.Network/loadBalancers/My-load-balancer/backendAddressPools/Bpool",
            "inbound_nat_rules": [],
            "load_balancing_rules": [
              "/subscriptions/fc843062-d48e-4f02-b2a0-e1dc14d32e6b/resourceGroups/rg-01/providers/Microsoft.Network/loadBalancers/My-load-balancer/loadBalancingRules/LBRule"
            ],
            "loadbalancer_id": "/subscriptions/fc843062-d48e-4f02-b2a0-e1dc14d32e6b/resourceGroups/rg-01/providers/Microsoft.Network/loadBalancers/My-load-balancer",
            "name": "Bpool",
            "outbound_rules": [],
            "timeouts": null,
            "tunnel_interface": [],
            "virtual_network_id": ""
          },
          "sensitive_attributes": [],
          "private": "eyJlMmJmYjczMC1lY2FhLTExZTYtOGY4OC0zNDM2M2JjN2M0YzAiOnsiY3JlYXRlIjoxODAwMDAwMDAwMDAwLCJkZWxldGUiOjE4MDAwMDAwMDAwMDAsInJlYWQiOjMwMDAwMDAwMDAwMCwidXBkYXRlIjoxODAwMDAwMDAwMDAwfX0=",
          "dependencies": [
            "azurerm_availability_set.aset",
            "azurerm_lb.ALB",
            "azurerm_public_ip.PIP-01",
            "azurerm_resource_group.rg"
          ]
        }
      ]
    },
    {
      "mode": "managed",
      "type": "azurerm_network_interface",
      "name": "Nic",
      "provider": "provider[\"registry.terraform.io/hashicorp/azurerm\"]",
      "instances": [
        {
          "schema_version": 0,
          "attributes": {
            "applied_dns_servers": [],
            "auxiliary_mode": "",
            "auxiliary_sku": "",
            "dns_servers": [],
            "edge_zone": "",
            "enable_accelerated_networking": false,
            "enable_ip_forwarding": false,
            "id": "/subscriptions/fc843062-d48e-4f02-b2a0-e1dc14d32e6b/resourceGroups/rg-01/providers/Microsoft.Network/networkInterfaces/nic1",
            "internal_dns_name_label": "",
            "internal_domain_name_suffix": "",
            "ip_configuration": [
              {
                "gateway_load_balancer_frontend_ip_configuration_id": "",
                "name": "ipconfig",
                "primary": true,
                "private_ip_address": "10.1.1.4",
                "private_ip_address_allocation": "Dynamic",
                "private_ip_address_version": "IPv4",
                "public_ip_address_id": "/subscriptions/fc843062-d48e-4f02-b2a0-e1dc14d32e6b/resourceGroups/rg-01/providers/Microsoft.Network/publicIPAddresses/pip1",
                "subnet_id": "/subscriptions/fc843062-d48e-4f02-b2a0-e1dc14d32e6b/resourceGroups/rg-01/providers/Microsoft.Network/virtualNetworks/vnet1/subnets/subnet1"
              }
            ],
            "location": "westus",
            "mac_address": "00-22-48-02-B1-2D",
            "name": "nic1",
            "private_ip_address": "10.1.1.4",
            "private_ip_addresses": [
              "10.1.1.4"
            ],
            "resource_group_name": "rg-01",
            "tags": {},
            "timeouts": null,
            "virtual_machine_id": "/subscriptions/fc843062-d48e-4f02-b2a0-e1dc14d32e6b/resourceGroups/rg-01/providers/Microsoft.Compute/virtualMachines/VM-01"
          },
          "sensitive_attributes": [],
          "private": "eyJlMmJmYjczMC1lY2FhLTExZTYtOGY4OC0zNDM2M2JjN2M0YzAiOnsiY3JlYXRlIjoxODAwMDAwMDAwMDAwLCJkZWxldGUiOjE4MDAwMDAwMDAwMDAsInJlYWQiOjMwMDAwMDAwMDAwMCwidXBkYXRlIjoxODAwMDAwMDAwMDAwfX0=",
          "dependencies": [
            "azurerm_public_ip.pip",
            "azurerm_resource_group.rg",
            "azurerm_subnet.Snet",
            "azurerm_virtual_network.vnet"
          ]
        }
      ]
    },
    {
      "mode": "managed",
      "type": "azurerm_network_interface",
      "name": "Nic-02",
      "provider": "provider[\"registry.terraform.io/hashicorp/azurerm\"]",
      "instances": [
        {
          "schema_version": 0,
          "attributes": {
            "applied_dns_servers": [],
            "auxiliary_mode": "",
            "auxiliary_sku": "",
            "dns_servers": [],
            "edge_zone": "",
            "enable_accelerated_networking": false,
            "enable_ip_forwarding": false,
            "id": "/subscriptions/fc843062-d48e-4f02-b2a0-e1dc14d32e6b/resourceGroups/rg-01/providers/Microsoft.Network/networkInterfaces/nic2",
            "internal_dns_name_label": "",
            "internal_domain_name_suffix": "vxru5km3bxsenfebb1iw5uthla.dx.internal.cloudapp.net",
            "ip_configuration": [
              {
                "gateway_load_balancer_frontend_ip_configuration_id": "",
                "name": "ipconfig",
                "primary": true,
                "private_ip_address": "10.1.2.4",
                "private_ip_address_allocation": "Dynamic",
                "private_ip_address_version": "IPv4",
                "public_ip_address_id": "/subscriptions/fc843062-d48e-4f02-b2a0-e1dc14d32e6b/resourceGroups/rg-01/providers/Microsoft.Network/publicIPAddresses/pip2",
                "subnet_id": "/subscriptions/fc843062-d48e-4f02-b2a0-e1dc14d32e6b/resourceGroups/rg-01/providers/Microsoft.Network/virtualNetworks/vnet1/subnets/subnet2"
              }
            ],
            "location": "westus",
            "mac_address": "60-45-BD-08-22-8C",
            "name": "nic2",
            "private_ip_address": "10.1.2.4",
            "private_ip_addresses": [
              "10.1.2.4"
            ],
            "resource_group_name": "rg-01",
            "tags": {},
            "timeouts": null,
            "virtual_machine_id": "/subscriptions/fc843062-d48e-4f02-b2a0-e1dc14d32e6b/resourceGroups/rg-01/providers/Microsoft.Compute/virtualMachines/VM-02"
          },
          "sensitive_attributes": [],
          "private": "eyJlMmJmYjczMC1lY2FhLTExZTYtOGY4OC0zNDM2M2JjN2M0YzAiOnsiY3JlYXRlIjoxODAwMDAwMDAwMDAwLCJkZWxldGUiOjE4MDAwMDAwMDAwMDAsInJlYWQiOjMwMDAwMDAwMDAwMCwidXBkYXRlIjoxODAwMDAwMDAwMDAwfX0=",
          "dependencies": [
            "azurerm_network_interface.Nic",
            "azurerm_public_ip.pip",
            "azurerm_resource_group.rg",
            "azurerm_subnet.Snet",
            "azurerm_virtual_network.vnet"
          ]
        }
      ]
    },
    {
      "mode": "managed",
      "type": "azurerm_network_interface_backend_address_pool_association",
      "name": "BP-01",
      "provider": "provider[\"registry.terraform.io/hashicorp/azurerm\"]",
      "instances": [
        {
          "schema_version": 0,
          "attributes": {
            "backend_address_pool_id": "/subscriptions/fc843062-d48e-4f02-b2a0-e1dc14d32e6b/resourceGroups/rg-01/providers/Microsoft.Network/loadBalancers/My-load-balancer/backendAddressPools/Bpool",
            "id": "/subscriptions/fc843062-d48e-4f02-b2a0-e1dc14d32e6b/resourceGroups/rg-01/providers/Microsoft.Network/networkInterfaces/nic1/ipConfigurations/ipconfig|/subscriptions/fc843062-d48e-4f02-b2a0-e1dc14d32e6b/resourceGroups/rg-01/providers/Microsoft.Network/loadBalancers/My-load-balancer/backendAddressPools/Bpool",
            "ip_configuration_name": "ipconfig",
            "network_interface_id": "/subscriptions/fc843062-d48e-4f02-b2a0-e1dc14d32e6b/resourceGroups/rg-01/providers/Microsoft.Network/networkInterfaces/nic1",
            "timeouts": null
          },
          "sensitive_attributes": [],
          "private": "eyJlMmJmYjczMC1lY2FhLTExZTYtOGY4OC0zNDM2M2JjN2M0YzAiOnsiY3JlYXRlIjoxODAwMDAwMDAwMDAwLCJkZWxldGUiOjE4MDAwMDAwMDAwMDAsInJlYWQiOjMwMDAwMDAwMDAwMH19",
          "dependencies": [
            "azurerm_availability_set.aset",
            "azurerm_lb.ALB",
            "azurerm_lb_backend_address_pool.Bpool",
            "azurerm_network_interface.Nic",
            "azurerm_public_ip.PIP-01",
            "azurerm_public_ip.pip",
            "azurerm_resource_group.rg",
            "azurerm_subnet.Snet",
            "azurerm_virtual_network.vnet"
          ]
        }
      ]
    },
    {
      "mode": "managed",
      "type": "azurerm_network_security_group",
      "name": "NSG",
      "provider": "provider[\"registry.terraform.io/hashicorp/azurerm\"]",
      "instances": [
        {
          "schema_version": 0,
          "attributes": {
            "id": "/subscriptions/fc843062-d48e-4f02-b2a0-e1dc14d32e6b/resourceGroups/rg-01/providers/Microsoft.Network/networkSecurityGroups/nsg1",
            "location": "westus",
            "name": "nsg1",
            "resource_group_name": "rg-01",
            "security_rule": [
              {
                "access": "Allow",
                "description": "",
                "destination_address_prefix": "*",
                "destination_address_prefixes": [],
                "destination_application_security_group_ids": [],
                "destination_port_range": "*",
                "destination_port_ranges": [],
                "direction": "Inbound",
                "name": "test123",
                "priority": 100,
                "protocol": "Tcp",
                "source_address_prefix": "*",
                "source_address_prefixes": [],
                "source_application_security_group_ids": [],
                "source_port_range": "*",
                "source_port_ranges": []
              }
            ],
            "tags": {},
            "timeouts": null
          },
          "sensitive_attributes": [],
          "private": "eyJlMmJmYjczMC1lY2FhLTExZTYtOGY4OC0zNDM2M2JjN2M0YzAiOnsiY3JlYXRlIjoxODAwMDAwMDAwMDAwLCJkZWxldGUiOjE4MDAwMDAwMDAwMDAsInJlYWQiOjMwMDAwMDAwMDAwMCwidXBkYXRlIjoxODAwMDAwMDAwMDAwfX0=",
          "dependencies": [
            "azurerm_network_interface.Nic",
            "azurerm_public_ip.pip",
            "azurerm_resource_group.rg",
            "azurerm_subnet.Snet",
            "azurerm_virtual_network.vnet"
          ]
        }
      ]
    },
    {
      "mode": "managed",
      "type": "azurerm_public_ip",
      "name": "PIP-01",
      "provider": "provider[\"registry.terraform.io/hashicorp/azurerm\"]",
      "instances": [
        {
          "schema_version": 0,
          "attributes": {
            "allocation_method": "Static",
            "ddos_protection_mode": "VirtualNetworkInherited",
            "ddos_protection_plan_id": null,
            "domain_name_label": null,
            "edge_zone": "",
            "fqdn": null,
            "id": "/subscriptions/fc843062-d48e-4f02-b2a0-e1dc14d32e6b/resourceGroups/rg-01/providers/Microsoft.Network/publicIPAddresses/Public-00",
            "idle_timeout_in_minutes": 4,
            "ip_address": "13.93.161.215",
            "ip_tags": {},
            "ip_version": "IPv4",
            "location": "westus",
            "name": "Public-00",
            "public_ip_prefix_id": null,
            "resource_group_name": "rg-01",
            "reverse_fqdn": null,
            "sku": "Basic",
            "sku_tier": "Regional",
            "tags": {},
            "timeouts": null,
            "zones": []
          },
          "sensitive_attributes": [],
          "private": "eyJlMmJmYjczMC1lY2FhLTExZTYtOGY4OC0zNDM2M2JjN2M0YzAiOnsiY3JlYXRlIjoxODAwMDAwMDAwMDAwLCJkZWxldGUiOjE4MDAwMDAwMDAwMDAsInJlYWQiOjMwMDAwMDAwMDAwMCwidXBkYXRlIjoxODAwMDAwMDAwMDAwfX0=",
          "dependencies": [
            "azurerm_resource_group.rg"
          ]
        }
      ]
    },
    {
      "mode": "managed",
      "type": "azurerm_public_ip",
      "name": "pip",
      "provider": "provider[\"registry.terraform.io/hashicorp/azurerm\"]",
      "instances": [
        {
          "index_key": 0,
          "schema_version": 0,
          "attributes": {
            "allocation_method": "Static",
            "ddos_protection_mode": "VirtualNetworkInherited",
            "ddos_protection_plan_id": null,
            "domain_name_label": null,
            "edge_zone": "",
            "fqdn": null,
            "id": "/subscriptions/fc843062-d48e-4f02-b2a0-e1dc14d32e6b/resourceGroups/rg-01/providers/Microsoft.Network/publicIPAddresses/pip1",
            "idle_timeout_in_minutes": 4,
            "ip_address": "13.83.48.73",
            "ip_tags": {},
            "ip_version": "IPv4",
            "location": "westus",
            "name": "pip1",
            "public_ip_prefix_id": null,
            "resource_group_name": "rg-01",
            "reverse_fqdn": null,
            "sku": "Basic",
            "sku_tier": "Regional",
            "tags": {},
            "timeouts": null,
            "zones": []
          },
          "sensitive_attributes": [],
          "private": "eyJlMmJmYjczMC1lY2FhLTExZTYtOGY4OC0zNDM2M2JjN2M0YzAiOnsiY3JlYXRlIjoxODAwMDAwMDAwMDAwLCJkZWxldGUiOjE4MDAwMDAwMDAwMDAsInJlYWQiOjMwMDAwMDAwMDAwMCwidXBkYXRlIjoxODAwMDAwMDAwMDAwfX0=",
          "dependencies": [
            "azurerm_resource_group.rg",
            "azurerm_subnet.Snet",
            "azurerm_virtual_network.vnet"
          ]
        },
        {
          "index_key": 1,
          "schema_version": 0,
          "attributes": {
            "allocation_method": "Static",
            "ddos_protection_mode": "VirtualNetworkInherited",
            "ddos_protection_plan_id": null,
            "domain_name_label": null,
            "edge_zone": "",
            "fqdn": null,
            "id": "/subscriptions/fc843062-d48e-4f02-b2a0-e1dc14d32e6b/resourceGroups/rg-01/providers/Microsoft.Network/publicIPAddresses/pip2",
            "idle_timeout_in_minutes": 4,
            "ip_address": "13.83.55.84",
            "ip_tags": {},
            "ip_version": "IPv4",
            "location": "westus",
            "name": "pip2",
            "public_ip_prefix_id": null,
            "resource_group_name": "rg-01",
            "reverse_fqdn": null,
            "sku": "Basic",
            "sku_tier": "Regional",
            "tags": {},
            "timeouts": null,
            "zones": []
          },
          "sensitive_attributes": [],
          "private": "eyJlMmJmYjczMC1lY2FhLTExZTYtOGY4OC0zNDM2M2JjN2M0YzAiOnsiY3JlYXRlIjoxODAwMDAwMDAwMDAwLCJkZWxldGUiOjE4MDAwMDAwMDAwMDAsInJlYWQiOjMwMDAwMDAwMDAwMCwidXBkYXRlIjoxODAwMDAwMDAwMDAwfX0=",
          "dependencies": [
            "azurerm_resource_group.rg",
            "azurerm_subnet.Snet",
            "azurerm_virtual_network.vnet"
          ]
        }
      ]
    },
    {
      "mode": "managed",
      "type": "azurerm_resource_group",
      "name": "rg",
      "provider": "provider[\"registry.terraform.io/hashicorp/azurerm\"]",
      "instances": [
        {
          "schema_version": 0,
          "attributes": {
            "id": "/subscriptions/fc843062-d48e-4f02-b2a0-e1dc14d32e6b/resourceGroups/rg-01",
            "location": "westus",
            "managed_by": "",
            "name": "rg-01",
            "tags": {},
            "timeouts": null
          },
          "sensitive_attributes": [],
          "private": "eyJlMmJmYjczMC1lY2FhLTExZTYtOGY4OC0zNDM2M2JjN2M0YzAiOnsiY3JlYXRlIjo1NDAwMDAwMDAwMDAwLCJkZWxldGUiOjU0MDAwMDAwMDAwMDAsInJlYWQiOjMwMDAwMDAwMDAwMCwidXBkYXRlIjo1NDAwMDAwMDAwMDAwfX0="
        }
      ]
    },
    {
      "mode": "managed",
      "type": "azurerm_subnet",
      "name": "Snet",
      "provider": "provider[\"registry.terraform.io/hashicorp/azurerm\"]",
      "instances": [
        {
          "index_key": 0,
          "schema_version": 0,
          "attributes": {
            "address_prefixes": [
              "10.1.1.0/24"
            ],
            "delegation": [],
            "enforce_private_link_endpoint_network_policies": false,
            "enforce_private_link_service_network_policies": false,
            "id": "/subscriptions/fc843062-d48e-4f02-b2a0-e1dc14d32e6b/resourceGroups/rg-01/providers/Microsoft.Network/virtualNetworks/vnet1/subnets/subnet1",
            "name": "subnet1",
            "private_endpoint_network_policies_enabled": true,
            "private_link_service_network_policies_enabled": true,
            "resource_group_name": "rg-01",
            "service_endpoint_policy_ids": [],
            "service_endpoints": [],
            "timeouts": null,
            "virtual_network_name": "vnet1"
          },
          "sensitive_attributes": [],
          "private": "eyJlMmJmYjczMC1lY2FhLTExZTYtOGY4OC0zNDM2M2JjN2M0YzAiOnsiY3JlYXRlIjoxODAwMDAwMDAwMDAwLCJkZWxldGUiOjE4MDAwMDAwMDAwMDAsInJlYWQiOjMwMDAwMDAwMDAwMCwidXBkYXRlIjoxODAwMDAwMDAwMDAwfX0=",
          "dependencies": [
            "azurerm_resource_group.rg",
            "azurerm_virtual_network.vnet"
          ]
        },
        {
          "index_key": 1,
          "schema_version": 0,
          "attributes": {
            "address_prefixes": [
              "10.1.2.0/24"
            ],
            "delegation": [],
            "enforce_private_link_endpoint_network_policies": false,
            "enforce_private_link_service_network_policies": false,
            "id": "/subscriptions/fc843062-d48e-4f02-b2a0-e1dc14d32e6b/resourceGroups/rg-01/providers/Microsoft.Network/virtualNetworks/vnet1/subnets/subnet2",
            "name": "subnet2",
            "private_endpoint_network_policies_enabled": true,
            "private_link_service_network_policies_enabled": true,
            "resource_group_name": "rg-01",
            "service_endpoint_policy_ids": [],
            "service_endpoints": [],
            "timeouts": null,
            "virtual_network_name": "vnet1"
          },
          "sensitive_attributes": [],
          "private": "eyJlMmJmYjczMC1lY2FhLTExZTYtOGY4OC0zNDM2M2JjN2M0YzAiOnsiY3JlYXRlIjoxODAwMDAwMDAwMDAwLCJkZWxldGUiOjE4MDAwMDAwMDAwMDAsInJlYWQiOjMwMDAwMDAwMDAwMCwidXBkYXRlIjoxODAwMDAwMDAwMDAwfX0=",
          "dependencies": [
            "azurerm_resource_group.rg",
            "azurerm_virtual_network.vnet"
          ]
        },
        {
          "index_key": 2,
          "schema_version": 0,
          "attributes": {
            "address_prefixes": [
              "10.1.3.0/24"
            ],
            "delegation": [],
            "enforce_private_link_endpoint_network_policies": false,
            "enforce_private_link_service_network_policies": false,
            "id": "/subscriptions/fc843062-d48e-4f02-b2a0-e1dc14d32e6b/resourceGroups/rg-01/providers/Microsoft.Network/virtualNetworks/vnet1/subnets/subnet3",
            "name": "subnet3",
            "private_endpoint_network_policies_enabled": true,
            "private_link_service_network_policies_enabled": true,
            "resource_group_name": "rg-01",
            "service_endpoint_policy_ids": [],
            "service_endpoints": [],
            "timeouts": null,
            "virtual_network_name": "vnet1"
          },
          "sensitive_attributes": [],
          "private": "eyJlMmJmYjczMC1lY2FhLTExZTYtOGY4OC0zNDM2M2JjN2M0YzAiOnsiY3JlYXRlIjoxODAwMDAwMDAwMDAwLCJkZWxldGUiOjE4MDAwMDAwMDAwMDAsInJlYWQiOjMwMDAwMDAwMDAwMCwidXBkYXRlIjoxODAwMDAwMDAwMDAwfX0=",
          "dependencies": [
            "azurerm_resource_group.rg",
            "azurerm_virtual_network.vnet"
          ]
        }
      ]
    },
    {
      "mode": "managed",
      "type": "azurerm_subnet_network_security_group_association",
      "name": "nsgassociation",
      "provider": "provider[\"registry.terraform.io/hashicorp/azurerm\"]",
      "instances": [
        {
          "schema_version": 0,
          "attributes": {
            "id": "/subscriptions/fc843062-d48e-4f02-b2a0-e1dc14d32e6b/resourceGroups/rg-01/providers/Microsoft.Network/virtualNetworks/vnet1/subnets/subnet1",
            "network_security_group_id": "/subscriptions/fc843062-d48e-4f02-b2a0-e1dc14d32e6b/resourceGroups/rg-01/providers/Microsoft.Network/networkSecurityGroups/nsg1",
            "subnet_id": "/subscriptions/fc843062-d48e-4f02-b2a0-e1dc14d32e6b/resourceGroups/rg-01/providers/Microsoft.Network/virtualNetworks/vnet1/subnets/subnet1",
            "timeouts": null
          },
          "sensitive_attributes": [],
          "private": "eyJlMmJmYjczMC1lY2FhLTExZTYtOGY4OC0zNDM2M2JjN2M0YzAiOnsiY3JlYXRlIjoxODAwMDAwMDAwMDAwLCJkZWxldGUiOjE4MDAwMDAwMDAwMDAsInJlYWQiOjMwMDAwMDAwMDAwMH19",
          "dependencies": [
            "azurerm_network_interface.Nic",
            "azurerm_network_security_group.NSG",
            "azurerm_public_ip.pip",
            "azurerm_resource_group.rg",
            "azurerm_subnet.Snet",
            "azurerm_virtual_network.vnet"
          ]
        }
      ]
    },
    {
      "mode": "managed",
      "type": "azurerm_subnet_network_security_group_association",
      "name": "nsgassociation2",
      "provider": "provider[\"registry.terraform.io/hashicorp/azurerm\"]",
      "instances": [
        {
          "schema_version": 0,
          "attributes": {
            "id": "/subscriptions/fc843062-d48e-4f02-b2a0-e1dc14d32e6b/resourceGroups/rg-01/providers/Microsoft.Network/virtualNetworks/vnet1/subnets/subnet2",
            "network_security_group_id": "/subscriptions/fc843062-d48e-4f02-b2a0-e1dc14d32e6b/resourceGroups/rg-01/providers/Microsoft.Network/networkSecurityGroups/nsg1",
            "subnet_id": "/subscriptions/fc843062-d48e-4f02-b2a0-e1dc14d32e6b/resourceGroups/rg-01/providers/Microsoft.Network/virtualNetworks/vnet1/subnets/subnet2",
            "timeouts": null
          },
          "sensitive_attributes": [],
          "private": "eyJlMmJmYjczMC1lY2FhLTExZTYtOGY4OC0zNDM2M2JjN2M0YzAiOnsiY3JlYXRlIjoxODAwMDAwMDAwMDAwLCJkZWxldGUiOjE4MDAwMDAwMDAwMDAsInJlYWQiOjMwMDAwMDAwMDAwMH19",
          "dependencies": [
            "azurerm_network_interface.Nic",
            "azurerm_network_security_group.NSG",
            "azurerm_public_ip.pip",
            "azurerm_resource_group.rg",
            "azurerm_subnet.Snet",
            "azurerm_subnet_network_security_group_association.nsgassociation",
            "azurerm_virtual_network.vnet"
          ]
        }
      ]
    },
    {
      "mode": "managed",
      "type": "azurerm_virtual_network",
      "name": "vnet",
      "provider": "provider[\"registry.terraform.io/hashicorp/azurerm\"]",
      "instances": [
        {
          "schema_version": 0,
          "attributes": {
            "address_space": [
              "10.1.0.0/16"
            ],
            "bgp_community": "",
            "ddos_protection_plan": [],
            "dns_servers": [],
            "edge_zone": "",
            "encryption": [],
            "flow_timeout_in_minutes": 0,
            "guid": "a94fe3ad-0d9d-46e4-9481-0ed16fd26758",
            "id": "/subscriptions/fc843062-d48e-4f02-b2a0-e1dc14d32e6b/resourceGroups/rg-01/providers/Microsoft.Network/virtualNetworks/vnet1",
            "location": "westus",
            "name": "vnet1",
            "resource_group_name": "rg-01",
            "subnet": [
              {
                "address_prefix": "10.1.1.0/24",
                "id": "/subscriptions/fc843062-d48e-4f02-b2a0-e1dc14d32e6b/resourceGroups/rg-01/providers/Microsoft.Network/virtualNetworks/vnet1/subnets/subnet1",
                "name": "subnet1",
                "security_group": "/subscriptions/fc843062-d48e-4f02-b2a0-e1dc14d32e6b/resourceGroups/rg-01/providers/Microsoft.Network/networkSecurityGroups/nsg1"
              },
              {
                "address_prefix": "10.1.2.0/24",
                "id": "/subscriptions/fc843062-d48e-4f02-b2a0-e1dc14d32e6b/resourceGroups/rg-01/providers/Microsoft.Network/virtualNetworks/vnet1/subnets/subnet2",
                "name": "subnet2",
                "security_group": "/subscriptions/fc843062-d48e-4f02-b2a0-e1dc14d32e6b/resourceGroups/rg-01/providers/Microsoft.Network/networkSecurityGroups/nsg1"
              },
              {
                "address_prefix": "10.1.3.0/24",
                "id": "/subscriptions/fc843062-d48e-4f02-b2a0-e1dc14d32e6b/resourceGroups/rg-01/providers/Microsoft.Network/virtualNetworks/vnet1/subnets/subnet3",
                "name": "subnet3",
                "security_group": ""
              }
            ],
            "tags": {},
            "timeouts": null
          },
          "sensitive_attributes": [],
          "private": "eyJlMmJmYjczMC1lY2FhLTExZTYtOGY4OC0zNDM2M2JjN2M0YzAiOnsiY3JlYXRlIjoxODAwMDAwMDAwMDAwLCJkZWxldGUiOjE4MDAwMDAwMDAwMDAsInJlYWQiOjMwMDAwMDAwMDAwMCwidXBkYXRlIjoxODAwMDAwMDAwMDAwfX0=",
          "dependencies": [
            "azurerm_resource_group.rg"
          ]
        }
      ]
    }
  ],
  "check_results": null
}
